
Microsoft Visual Studio Solution File, Format Version 12.00
# Visual Studio Version 16
VisualStudioVersion = 16.0.31321.278
MinimumVisualStudioVersion = 10.0.40219.1
Project("{FAE04EC0-301F-11D3-BF4B-00C04F79EFBC}") = "Output of numbers from a in forward and reverse order", "Output of numbers from a in forward and reverse order\Output of numbers from a in forward and reverse order.csproj", "{8FB9FAA4-9498-4A4B-8296-A661F0BB80DD}"
EndProject
Global
	GlobalSection(SolutionConfigurationPlatforms) = preSolution
		Debug|Any CPU = Debug|Any CPU
		Release|Any CPU = Release|Any CPU
	EndGlobalSection
	GlobalSection(ProjectConfigurationPlatforms) = postSolution
		{8FB9FAA4-9498-4A4B-8296-A661F0BB80DD}.Debug|Any CPU.ActiveCfg = Debug|Any CPU
		{8FB9FAA4-9498-4A4B-8296-A661F0BB80DD}.Debug|Any CPU.Build.0 = Debug|Any CPU
		{8FB9FAA4-9498-4A4B-8296-A661F0BB80DD}.Release|Any CPU.ActiveCfg = Release|Any CPU
		{8FB9FAA4-9498-4A4B-8296-A661F0BB80DD}.Release|Any CPU.Build.0 = Release|Any CPU
	EndGlobalSection
	GlobalSection(SolutionProperties) = preSolution
		HideSolutionNode = FALSE
	EndGlobalSection
	GlobalSection(ExtensibilityGlobals) = postSolution
		SolutionGuid = {48F0FB56-EBD2-4CCC-B0BC-882DD517676F}
	EndGlobalSection
EndGlobal
