
Microsoft Visual Studio Solution File, Format Version 12.00
# Visual Studio Version 16
VisualStudioVersion = 16.0.31729.503
MinimumVisualStudioVersion = 10.0.40219.1
Project("{FAE04EC0-301F-11D3-BF4B-00C04F79EFBC}") = "hz_lol", "hz_lol.csproj", "{8673CBCE-44EA-49E0-897F-510C364ED761}"
EndProject
Global
	GlobalSection(SolutionConfigurationPlatforms) = preSolution
		Debug|Any CPU = Debug|Any CPU
		Release|Any CPU = Release|Any CPU
	EndGlobalSection
	GlobalSection(ProjectConfigurationPlatforms) = postSolution
		{8673CBCE-44EA-49E0-897F-510C364ED761}.Debug|Any CPU.ActiveCfg = Debug|Any CPU
		{8673CBCE-44EA-49E0-897F-510C364ED761}.Debug|Any CPU.Build.0 = Debug|Any CPU
		{8673CBCE-44EA-49E0-897F-510C364ED761}.Release|Any CPU.ActiveCfg = Release|Any CPU
		{8673CBCE-44EA-49E0-897F-510C364ED761}.Release|Any CPU.Build.0 = Release|Any CPU
	EndGlobalSection
	GlobalSection(SolutionProperties) = preSolution
		HideSolutionNode = FALSE
	EndGlobalSection
	GlobalSection(ExtensibilityGlobals) = postSolution
		SolutionGuid = {4391F2A1-9F6B-4ECF-88A3-90C61F69C601}
	EndGlobalSection
EndGlobal
